
Microsoft Visual Studio Solution File, Format Version 12.00
# Visual Studio Version 17
VisualStudioVersion = 17.5.002.0
MinimumVisualStudioVersion = 10.0.40219.1
Project("{9A19103F-16F7-4668-BE54-9A1E7A4F7556}") = "temperatureConverter", "temperatureConverter.csproj", "{4F0A13AF-6129-4F09-BFBC-17EAF9997CC5}"
EndProject
Global
	GlobalSection(SolutionConfigurationPlatforms) = preSolution
		Debug|Any CPU = Debug|Any CPU
		Release|Any CPU = Release|Any CPU
	EndGlobalSection
	GlobalSection(ProjectConfigurationPlatforms) = postSolution
		{4F0A13AF-6129-4F09-BFBC-17EAF9997CC5}.Debug|Any CPU.ActiveCfg = Debug|Any CPU
		{4F0A13AF-6129-4F09-BFBC-17EAF9997CC5}.Debug|Any CPU.Build.0 = Debug|Any CPU
		{4F0A13AF-6129-4F09-BFBC-17EAF9997CC5}.Release|Any CPU.ActiveCfg = Release|Any CPU
		{4F0A13AF-6129-4F09-BFBC-17EAF9997CC5}.Release|Any CPU.Build.0 = Release|Any CPU
	EndGlobalSection
	GlobalSection(SolutionProperties) = preSolution
		HideSolutionNode = FALSE
	EndGlobalSection
	GlobalSection(ExtensibilityGlobals) = postSolution
		SolutionGuid = {F6BF796A-922F-4C3C-A081-74A8DEC07774}
	EndGlobalSection
EndGlobal
